
Microsoft Visual Studio Solution File, Format Version 12.00
# Visual Studio Version 17
VisualStudioVersion = 17.8.34408.163
MinimumVisualStudioVersion = 10.0.40219.1
Project("{9A19103F-16F7-4668-BE54-9A1E7A4F7556}") = "WorkerManagement", "WorkerManagement\WorkerManagement.csproj", "{C33071AB-2839-40FE-A9D4-6F28DED8B450}"
EndProject
Project("{9A19103F-16F7-4668-BE54-9A1E7A4F7556}") = "TestWorkerManagement", "TestWorkerManagement\TestWorkerManagement.csproj", "{0205B38A-74E7-4985-B833-42103989E78D}"
EndProject
Project("{2150E333-8FDC-42A3-9474-1A3956D46DE8}") = "Itens de Solução", "Itens de Solução", "{9EAAC5E2-C79A-4088-9B3B-CF845B903732}"
	ProjectSection(SolutionItems) = preProject
		.gitignore = .gitignore
	EndProjectSection
EndProject
Global
	GlobalSection(SolutionConfigurationPlatforms) = preSolution
		Debug|Any CPU = Debug|Any CPU
		Release|Any CPU = Release|Any CPU
	EndGlobalSection
	GlobalSection(ProjectConfigurationPlatforms) = postSolution
		{C33071AB-2839-40FE-A9D4-6F28DED8B450}.Debug|Any CPU.ActiveCfg = Debug|Any CPU
		{C33071AB-2839-40FE-A9D4-6F28DED8B450}.Debug|Any CPU.Build.0 = Debug|Any CPU
		{C33071AB-2839-40FE-A9D4-6F28DED8B450}.Release|Any CPU.ActiveCfg = Release|Any CPU
		{C33071AB-2839-40FE-A9D4-6F28DED8B450}.Release|Any CPU.Build.0 = Release|Any CPU
		{0205B38A-74E7-4985-B833-42103989E78D}.Debug|Any CPU.ActiveCfg = Debug|Any CPU
		{0205B38A-74E7-4985-B833-42103989E78D}.Debug|Any CPU.Build.0 = Debug|Any CPU
		{0205B38A-74E7-4985-B833-42103989E78D}.Release|Any CPU.ActiveCfg = Release|Any CPU
		{0205B38A-74E7-4985-B833-42103989E78D}.Release|Any CPU.Build.0 = Release|Any CPU
	EndGlobalSection
	GlobalSection(SolutionProperties) = preSolution
		HideSolutionNode = FALSE
	EndGlobalSection
	GlobalSection(ExtensibilityGlobals) = postSolution
		SolutionGuid = {BA12E317-2AB0-4F64-9B2A-92530B161BDC}
	EndGlobalSection
EndGlobal
